
Microsoft Visual Studio Solution File, Format Version 12.00
# Visual Studio Version 17
VisualStudioVersion = 17.5.33530.505
MinimumVisualStudioVersion = 10.0.40219.1
Project("{FAE04EC0-301F-11D3-BF4B-00C04F79EFBC}") = "Sum Of All Multiple Of Three and Five", "Sum Of All Multiple Of Three and Five.csproj", "{183AEB7D-D7A2-428D-B706-11F24AEFCEDB}"
EndProject
Global
	GlobalSection(SolutionConfigurationPlatforms) = preSolution
		Debug|Any CPU = Debug|Any CPU
		Release|Any CPU = Release|Any CPU
	EndGlobalSection
	GlobalSection(ProjectConfigurationPlatforms) = postSolution
		{183AEB7D-D7A2-428D-B706-11F24AEFCEDB}.Debug|Any CPU.ActiveCfg = Debug|Any CPU
		{183AEB7D-D7A2-428D-B706-11F24AEFCEDB}.Debug|Any CPU.Build.0 = Debug|Any CPU
		{183AEB7D-D7A2-428D-B706-11F24AEFCEDB}.Release|Any CPU.ActiveCfg = Release|Any CPU
		{183AEB7D-D7A2-428D-B706-11F24AEFCEDB}.Release|Any CPU.Build.0 = Release|Any CPU
	EndGlobalSection
	GlobalSection(SolutionProperties) = preSolution
		HideSolutionNode = FALSE
	EndGlobalSection
	GlobalSection(ExtensibilityGlobals) = postSolution
		SolutionGuid = {580A10E1-62F4-4470-94C2-C3B4311C83B9}
	EndGlobalSection
EndGlobal
