
Microsoft Visual Studio Solution File, Format Version 12.00
# Visual Studio Version 17
VisualStudioVersion = 17.5.33530.505
MinimumVisualStudioVersion = 10.0.40219.1
Project("{FAE04EC0-301F-11D3-BF4B-00C04F79EFBC}") = "SumOfDigitsUsingRecurssion", "SumOfDigitsUsingRecurssion.csproj", "{1ED39F0C-1F2E-483E-B44F-9382F3E8AB8F}"
EndProject
Global
	GlobalSection(SolutionConfigurationPlatforms) = preSolution
		Debug|Any CPU = Debug|Any CPU
		Release|Any CPU = Release|Any CPU
	EndGlobalSection
	GlobalSection(ProjectConfigurationPlatforms) = postSolution
		{1ED39F0C-1F2E-483E-B44F-9382F3E8AB8F}.Debug|Any CPU.ActiveCfg = Debug|Any CPU
		{1ED39F0C-1F2E-483E-B44F-9382F3E8AB8F}.Debug|Any CPU.Build.0 = Debug|Any CPU
		{1ED39F0C-1F2E-483E-B44F-9382F3E8AB8F}.Release|Any CPU.ActiveCfg = Release|Any CPU
		{1ED39F0C-1F2E-483E-B44F-9382F3E8AB8F}.Release|Any CPU.Build.0 = Release|Any CPU
	EndGlobalSection
	GlobalSection(SolutionProperties) = preSolution
		HideSolutionNode = FALSE
	EndGlobalSection
	GlobalSection(ExtensibilityGlobals) = postSolution
		SolutionGuid = {1A6E97BB-64FC-4D5F-BC1A-CAEA638D4F88}
	EndGlobalSection
EndGlobal
