
Microsoft Visual Studio Solution File, Format Version 12.00
# Visual Studio Version 17
VisualStudioVersion = 17.5.33530.505
MinimumVisualStudioVersion = 10.0.40219.1
Project("{FAE04EC0-301F-11D3-BF4B-00C04F79EFBC}") = "Swap two number", "Swap two number.csproj", "{3A383350-04DB-4F8D-B330-C535CD7646E5}"
EndProject
Global
	GlobalSection(SolutionConfigurationPlatforms) = preSolution
		Debug|Any CPU = Debug|Any CPU
		Release|Any CPU = Release|Any CPU
	EndGlobalSection
	GlobalSection(ProjectConfigurationPlatforms) = postSolution
		{3A383350-04DB-4F8D-B330-C535CD7646E5}.Debug|Any CPU.ActiveCfg = Debug|Any CPU
		{3A383350-04DB-4F8D-B330-C535CD7646E5}.Debug|Any CPU.Build.0 = Debug|Any CPU
		{3A383350-04DB-4F8D-B330-C535CD7646E5}.Release|Any CPU.ActiveCfg = Release|Any CPU
		{3A383350-04DB-4F8D-B330-C535CD7646E5}.Release|Any CPU.Build.0 = Release|Any CPU
	EndGlobalSection
	GlobalSection(SolutionProperties) = preSolution
		HideSolutionNode = FALSE
	EndGlobalSection
	GlobalSection(ExtensibilityGlobals) = postSolution
		SolutionGuid = {9136CA84-0475-4A14-AC09-055D3E69E002}
	EndGlobalSection
EndGlobal
