
Microsoft Visual Studio Solution File, Format Version 12.00
# Visual Studio Version 17
VisualStudioVersion = 17.5.33530.505
MinimumVisualStudioVersion = 10.0.40219.1
Project("{FAE04EC0-301F-11D3-BF4B-00C04F79EFBC}") = "All the Multiples of 17 which are Less than 100", "All the Multiples of 17 which are Less than 100.csproj", "{984DAF40-BD92-4322-A40C-AC464FC43C14}"
EndProject
Global
	GlobalSection(SolutionConfigurationPlatforms) = preSolution
		Debug|Any CPU = Debug|Any CPU
		Release|Any CPU = Release|Any CPU
	EndGlobalSection
	GlobalSection(ProjectConfigurationPlatforms) = postSolution
		{984DAF40-BD92-4322-A40C-AC464FC43C14}.Debug|Any CPU.ActiveCfg = Debug|Any CPU
		{984DAF40-BD92-4322-A40C-AC464FC43C14}.Debug|Any CPU.Build.0 = Debug|Any CPU
		{984DAF40-BD92-4322-A40C-AC464FC43C14}.Release|Any CPU.ActiveCfg = Release|Any CPU
		{984DAF40-BD92-4322-A40C-AC464FC43C14}.Release|Any CPU.Build.0 = Release|Any CPU
	EndGlobalSection
	GlobalSection(SolutionProperties) = preSolution
		HideSolutionNode = FALSE
	EndGlobalSection
	GlobalSection(ExtensibilityGlobals) = postSolution
		SolutionGuid = {452ABCF7-F8BA-401E-8827-C9586C1F5A97}
	EndGlobalSection
EndGlobal
